# THIS IS AN AUTOGENERATED FILE. DO NOT EDIT THIS FILE DIRECTLY.
# yarn lockfile v1


"@hotwired/stimulus@^3.0.0":
  version "3.2.2"
  resolved "https://registry.npmjs.org/@hotwired/stimulus/-/stimulus-3.2.2.tgz"
  integrity sha512-eGeIqNOQpXoPAIP7tC1+1Yc1yl1xnwYqg+3mzqxyrbE5pg5YFBZcA6YoTiByJB6DKAEsiWtl6tjTJS4IYtbB7A==

"@hotwired/turbo-rails@^8.0.10":
  version "8.0.10"
  resolved "https://registry.yarnpkg.com/@hotwired/turbo-rails/-/turbo-rails-8.0.10.tgz#28b0c1243868d9efc4a71f4a2ff7d97ee9cefbfa"
  integrity sha512-BkERfjTbNwMb9/YQi0RL9+f9zkD+dZH2klEONtGwXrIE3O9BE1937Nn9++koZpDryD4XN3zE5U5ibyWoYJAWBg==
  dependencies:
    "@hotwired/turbo" "^8.0.6"
    "@rails/actioncable" "^7.0"

"@hotwired/turbo@^8.0.6":
  version "8.0.10"
  resolved "https://registry.yarnpkg.com/@hotwired/turbo/-/turbo-8.0.10.tgz#d95569d259f0daad6e824ee1ada877ff94beb72b"
  integrity sha512-xen1YhNQirAHlA8vr/444XsTNITC1Il2l/Vx4w8hAWPpI5nQO78mVHNsmFuayETodzPwh25ob2TgfCEV/Loiog==

"@popperjs/core@^2.11.8":
  version "2.11.8"
  resolved "https://registry.npmjs.org/@popperjs/core/-/core-2.11.8.tgz"
  integrity sha512-P1st0aksCrn9sGZhp8GMYwBnQsbvAWsZAX44oXNNvLHGqAOcoVxmjZiohstwQ7SqKnbR47akdNi+uleWD8+g6A==

"@rails/actioncable@^7.0":
  version "7.2.100"
  resolved "https://registry.npmjs.org/@rails/actioncable/-/actioncable-7.2.100.tgz"
  integrity sha512-7xtIENf0Yw59AFDM3+xqxPCZxev3QVAqjPmUzmgsB9eL8S/zTpB0IU9srNc7XknzJI4e09XKNnCaJRx3gfYzXA==
